github.com/aws/aws-sdk-go-v2 v1.43.1 h1:t6AQIB1uQ7HJA+0CDRWjOYG5MfwnOyyDsN4vRDHcwIY=
github.com/aws/aws-sdk-go-v2 v1.43.1/go.mod h1:WEzLKBh/mEjXvx1FtQMWgSxMSTVqxQzjkRtk5fa3wkg=
github.com/aws/aws-sdk-go-v2/config v1.32.32 h1:CcYdrcIjulT7xbTSqeEInh/PqUWv10LMznfdbNRwHBM=
github.com/aws/aws-sdk-go-v2/config v1.32.32/go.mod h1:Rk+LRPrR2oLWLOqUbhNOKYOJ8chU2aZ/R+Sdi/Bc/+4=
github.com/aws/aws-sdk-go-v2/credentials v1.19.31 h1:olhkNt+ZMx+X40XxeyrflmdBx145TP+3DqaS4s8GsbI=
github.com/aws/aws-sdk-go-v2/credentials v1.19.31/go.mod h1:twHrsQY+gUmkTOsDqYwBBrdP41FvzO86qjiRbj7GXcw=
github.com/aws/aws-sdk-go-v2/feature/ec2/imds v1.18.32 h1:zheY8iDNNzOHGS2aBJ5GWjeRbhsGuSg4+s20NZ0AywQ=
github.com/aws/aws-sdk-go-v2/feature/ec2/imds v1.18.32/go.mod h1:bkw+ZoqafHSo/3lQBm+xzWf4kh79hqP9M2kPtmOFZIY=
github.com/aws/aws-sdk-go-v2/internal/configsources v1.4.32 h1:PqiNS1QVFVctiMX30IwaY6pM3cUUfZFe+HPKmlZVY4I=
github.com/aws/aws-sdk-go-v2/internal/configsources v1.4.32/go.mod h1:jqisrvz2jliDnF3dW4wO9ZT1lHz1d6pXjftFyyZyqjY=
github.com/aws/aws-sdk-go-v2/internal/endpoints/v2 v2.7.32 h1:bWzam6cUCb/BRiZYmmdwPg+FvZy3/QygB9u6z7BIlnM=
github.com/aws/aws-sdk-go-v2/internal/endpoints/v2 v2.7.32/go.mod h1:VGTWlYbW4qvz9djYt2lj35gSAZS5aZ2xKn85wXziw6A=
github.com/aws/aws-sdk-go-v2/internal/v4a v1.4.33 h1:J4GttOtoayrtx24b8NODgSvJTAQ2qj/E5YPEeaYrYh0=
github.com/aws/aws-sdk-go-v2/internal/v4a v1.4.33/go.mod h1:G8G6DL9QyBO/vuHXJ/JG29qy2hBNYrQxDYJmqMStWJ4=
github.com/aws/aws-sdk-go-v2/service/cognitoidentityprovider v1.67.1 h1:R+OezOIVjod5kPJKcAhhLTW3iHUcfMjL6Bh7MPXZhOU=
github.com/aws/aws-sdk-go-v2/service/cognitoidentityprovider v1.67.1/go.mod h1:ZdiPuOvsZnbBkI7EdATElmno2CAHXEc/85VDn83NI1E=
github.com/aws/aws-sdk-go-v2/service/internal/accept-encoding v1.13.14 h1:SA43nfaY7+1jjMNIc2ywu99JLJLButtIdLP6j+bT870=
github.com/aws/aws-sdk-go-v2/service/internal/accept-encoding v1.13.14/go.mod h1:Du3llKcwbQvHsTXSLzTOGQz0DTDBMEzdg7DAGu7inrY=
github.com/aws/aws-sdk-go-v2/service/internal/presigned-url v1.13.32 h1:dWFHhQpbf7Yui4fsy+bJUy54JrmpJHIyAuUkcadqwMo=
github.com/aws/aws-sdk-go-v2/service/internal/presigned-url v1.13.32/go.mod h1:oN4Iix8rAbyTx6tFMP9mS8RFLJnDeZSbSsHwXYSs3tE=
github.com/aws/aws-sdk-go-v2/service/signin v1.5.1 h1:i7p1pinRrWxJp+sD+u2pCWYdcB9vL1VNIPKWssNOp4o=
github.com/aws/aws-sdk-go-v2/service/signin v1.5.1/go.mod h1:gtQTy/o93W5Sx0IFdAkn7Usa+Qg7ydG2+9GC7MoKqPU=
github.com/aws/aws-sdk-go-v2/service/sso v1.33.1 h1:GBLnqpnDEn/+vnBGlxAJ4+jopfzW7vVT0++jLPgWN9A=
github.com/aws/aws-sdk-go-v2/service/sso v1.33.1/go.mod h1:RK3AEzTbSEbGLQDd3qPA5ZLXm6mfB9shq5sbiuaF7AU=
github.com/aws/aws-sdk-go-v2/service/ssooidc v1.38.1 h1:1DWsRED+rRzFQ1rDWpwkipw67tp4kyQByQg9POWYl80=
github.com/aws/aws-sdk-go-v2/service/ssooidc v1.38.1/go.mod h1:nadMS3uTrTANeD214BBuPg/SJpJ/UhBiNuqN1Z2Ay4c=
github.com/aws/aws-sdk-go-v2/service/sts v1.45.1 h1:JugCuomdxnZwjp5xvqSuPgeWRecAvkno7EwXmR/ZXWE=
github.com/aws/aws-sdk-go-v2/service/sts v1.45.1/go.mod h1:dtViDu/XqU2gq1eeTFz7Ijb7xCHoso8CaBOqYVshoqc=
github.com/aws/smithy-go v1.27.5 h1:d1ro7KpYOYwP6m73YFa+Kc/A130VsAdX68SpsJwARMM=
github.com/aws/smithy-go v1.27.5/go.mod h1:YE2RhdIuDbA5E5bTdciG9KrW3+TiEONeUWCqxX9i1Fc=
github.com/coreos/go-oidc/v3 v3.19.0 h1:F/xyOi3x1UnG1U27YVnM1N6bHiL1K2upi6U/0qr8r+I=
github.com/coreos/go-oidc/v3 v3.19.0/go.mod h1:DYCf24+ncYi+XkIH97GY1+dqoRlbaSI26KVTCI9SrY4=
github.com/davecgh/go-spew v1.1.0/go.mod h1:J7Y8YcW2NihsgmVo/mv3lAwl/skON4iLHjSsI+c5H38=
github.com/davecgh/go-spew v1.1.1 h1:vj9j/u1bqnvCEfJOwUhtlOARqs3+rkHYY13jYWTU97c=
github.com/davecgh/go-spew v1.1.1/go.mod h1:J7Y8YcW2NihsgmVo/mv3lAwl/skON4iLHjSsI+c5H38=
github.com/go-chi/chi/v5 v5.3.0 h1:halUjDxhshgXHMrao5bB8eNBXo/rnzwr8m5m36glehM=
github.com/go-chi/chi/v5 v5.3.0/go.mod h1:R+tYY2hNuVUUjxoPtqUdgBqevM9s9njzkTLutVsOCto=
github.com/go-jose/go-jose/v4 v4.1.4 h1:moDMcTHmvE6Groj34emNPLs/qtYXRVcd6S7NHbHz3kA=
github.com/go-jose/go-jose/v4 v4.1.4/go.mod h1:x4oUasVrzR7071A4TnHLGSPpNOm2a21K9Kf04k1rs08=
github.com/google/uuid v1.6.0 h1:NIvaJDMOsjHA8n1jAhLSgzrAzy1Hgr+hNrb57e+94F0=
github.com/google/uuid v1.6.0/go.mod h1:TIyPZe4MgqvfeYDBFedMoGGpEw/LqOeaOT+nhxU+yHo=
github.com/jackc/pgpassfile v1.0.0 h1:/6Hmqy13Ss2zCq62VdNG8tM1wchn8zjSGOBJ6icpsIM=
github.com/jackc/pgpassfile v1.0.0/go.mod h1:CEx0iS5ambNFdcRtxPj5JhEz+xB6uRky5eyVu/W2HEg=
github.com/jackc/pgservicefile v0.0.0-20240606120523-5a60cdf6a761 h1:iCEnooe7UlwOQYpKFhBabPMi4aNAfoODPEFNiAnClxo=
github.com/jackc/pgservicefile v0.0.0-20240606120523-5a60cdf6a761/go.mod h1:5TJZWKEWniPve33vlWYSoGYefn3gLQRzjfDlhSJ9ZKM=
github.com/jackc/pgx/v5 v5.9.2 h1:3ZhOzMWnR4yJ+RW1XImIPsD1aNSz4T4fyP7zlQb56hw=
github.com/jackc/pgx/v5 v5.9.2/go.mod h1:mal1tBGAFfLHvZzaYh77YS/eC6IX9OWbRV1QIIM0Jn4=
github.com/jackc/puddle/v2 v2.2.2 h1:PR8nw+E/1w0GLuRFSmiioY6UooMp6KJv0/61nB7icHo=
github.com/jackc/puddle/v2 v2.2.2/go.mod h1:vriiEXHvEE654aYKXXjOvZM39qJ0q+azkZFrfEOc3H4=
github.com/pmezard/go-difflib v1.0.0 h1:4DBwDE0NGyQoBHbLQYPwSUPoCMWR5BEzIk/f1lZbAQM=
github.com/pmezard/go-difflib v1.0.0/go.mod h1:iKH77koFhYxTK1pcRnkKkqfTogsbg7gZNVY4sRDYZ/4=
github.com/stretchr/objx v0.1.0/go.mod h1:HFkY916IF+rwdDfMAkV7OtwuqBVzrE8GR6GFx+wExME=
github.com/stretchr/testify v1.3.0/go.mod h1:M5WIy9Dh21IEIfnGCwXGc5bZfKNJtfHm1UVUgZn+9EI=
github.com/stretchr/testify v1.7.0/go.mod h1:6Fq8oRcR53rry900zMqJjRRixrwX3KX962/h/Wwjteg=
github.com/stretchr/testify v1.11.1 h1:7s2iGBzp5EwR7/aIZr8ao5+dra3wiQyKjjFuvgVKu7U=
github.com/stretchr/testify v1.11.1/go.mod h1:wZwfW3scLgRK+23gO65QZefKpKQRnfz6sD981Nm4B6U=
golang.org/x/crypto v0.30.0 h1:RwoQn3GkWiMkzlX562cLB7OxWvjH1L8xutO2WoJcRoY=
golang.org/x/crypto v0.30.0/go.mod h1:kDsLvtWBEx7MV9tJOj9bnXsPbxwJQ6csT/x4KIN4Ssk=
golang.org/x/oauth2 v0.36.0 h1:peZ/1z27fi9hUOFCAZaHyrpWG5lwe0RJEEEeH0ThlIs=
golang.org/x/oauth2 v0.36.0/go.mod h1:YDBUJMTkDnJS+A4BP4eZBjCqtokkg1hODuPjwiGPO7Q=
golang.org/x/sync v0.21.0 h1:HLII4xRRTtCRkxYp4HNFF0Js/Og6q2i++KXbg0gHCwM=
golang.org/x/sync v0.21.0/go.mod h1:9xrNwdLfx4jkKbNva9FpL6vEN7evnE43NNNJQ2LF3+0=
golang.org/x/text v0.39.0 h1:UbZz4pLOvn600D6Oh6GGEI6VAmndrEBLv8/6BEXzyus=
golang.org/x/text v0.39.0/go.mod h1:3UwRclnC2g0TU9x8PZiyfOajCd1zaUNHF9cvqcQZ+ZM=
gopkg.in/check.v1 v0.0.0-20161208181325-20d25e280405/go.mod h1:Co6ibVJAznAaIkqp8huTwlJQCZ016jof/cbN4VW5Yz0=
gopkg.in/yaml.v3 v3.0.0-20200313102051-9f266ea9e77c/go.mod h1:K4uyk7z7BCEPqu6E+C64Yfv1cQ7kz7rIZviUmN+EgEM=
gopkg.in/yaml.v3 v3.0.1 h1:fxVm/GzAzEWqLHuvctI91KS9hhNmmWOoWu0XTYJS7CA=
gopkg.in/yaml.v3 v3.0.1/go.mod h1:K4uyk7z7BCEPqu6E+C64Yfv1cQ7kz7rIZviUmN+EgEM=
